
Microsoft Visual Studio Solution File, Format Version 12.00
# Visual Studio Version 17
VisualStudioVersion = 17.9.34622.214
MinimumVisualStudioVersion = 10.0.40219.1
Project("{9A19103F-16F7-4668-BE54-9A1E7A4F7556}") = "Coling.API.Curriculum", "Coling.API.Curriculum\Coling.API.Curriculum.csproj", "{046DF058-A87F-47A3-A1FE-8D3582AD60DB}"
EndProject
Project("{9A19103F-16F7-4668-BE54-9A1E7A4F7556}") = "Coling.API.BolsaTrabajo", "Coling.API.BolsaTrabajo\Coling.API.BolsaTrabajo.csproj", "{FD073A82-2C69-4AE2-8F80-7934FDA50A99}"
EndProject
Project("{2150E333-8FDC-42A3-9474-1A3956D46DE8}") = "APIMicroservices", "APIMicroservices", "{476BFF93-0BAE-4FC7-8E4F-B00EF8EBDC88}"
EndProject
Project("{2150E333-8FDC-42A3-9474-1A3956D46DE8}") = "Common", "Common", "{E2D29EDF-1D0F-40EE-A804-DA175004C4D9}"
EndProject
Project("{9A19103F-16F7-4668-BE54-9A1E7A4F7556}") = "Coling.Shared", "Coling.Shared\Coling.Shared.csproj", "{4928603B-3D4D-4A5F-9864-6164F5B8DAC8}"
EndProject
Project("{2150E333-8FDC-42A3-9474-1A3956D46DE8}") = "Multiplataforma", "Multiplataforma", "{8A9CB292-5D0A-4A1D-B194-BC556B8A088A}"
EndProject
Project("{9A19103F-16F7-4668-BE54-9A1E7A4F7556}") = "Coling.API.Afiliados", "Coling.API.Afiliados\Coling.API.Afiliados.csproj", "{93F03260-7B0B-498F-BCC3-E59170D883D2}"
EndProject
Global
	GlobalSection(SolutionConfigurationPlatforms) = preSolution
		Debug|Any CPU = Debug|Any CPU
		Release|Any CPU = Release|Any CPU
	EndGlobalSection
	GlobalSection(ProjectConfigurationPlatforms) = postSolution
		{046DF058-A87F-47A3-A1FE-8D3582AD60DB}.Debug|Any CPU.ActiveCfg = Debug|Any CPU
		{046DF058-A87F-47A3-A1FE-8D3582AD60DB}.Debug|Any CPU.Build.0 = Debug|Any CPU
		{046DF058-A87F-47A3-A1FE-8D3582AD60DB}.Release|Any CPU.ActiveCfg = Release|Any CPU
		{046DF058-A87F-47A3-A1FE-8D3582AD60DB}.Release|Any CPU.Build.0 = Release|Any CPU
		{FD073A82-2C69-4AE2-8F80-7934FDA50A99}.Debug|Any CPU.ActiveCfg = Debug|Any CPU
		{FD073A82-2C69-4AE2-8F80-7934FDA50A99}.Debug|Any CPU.Build.0 = Debug|Any CPU
		{FD073A82-2C69-4AE2-8F80-7934FDA50A99}.Release|Any CPU.ActiveCfg = Release|Any CPU
		{FD073A82-2C69-4AE2-8F80-7934FDA50A99}.Release|Any CPU.Build.0 = Release|Any CPU
		{4928603B-3D4D-4A5F-9864-6164F5B8DAC8}.Debug|Any CPU.ActiveCfg = Debug|Any CPU
		{4928603B-3D4D-4A5F-9864-6164F5B8DAC8}.Debug|Any CPU.Build.0 = Debug|Any CPU
		{4928603B-3D4D-4A5F-9864-6164F5B8DAC8}.Release|Any CPU.ActiveCfg = Release|Any CPU
		{4928603B-3D4D-4A5F-9864-6164F5B8DAC8}.Release|Any CPU.Build.0 = Release|Any CPU
		{93F03260-7B0B-498F-BCC3-E59170D883D2}.Debug|Any CPU.ActiveCfg = Debug|Any CPU
		{93F03260-7B0B-498F-BCC3-E59170D883D2}.Debug|Any CPU.Build.0 = Debug|Any CPU
		{93F03260-7B0B-498F-BCC3-E59170D883D2}.Release|Any CPU.ActiveCfg = Release|Any CPU
		{93F03260-7B0B-498F-BCC3-E59170D883D2}.Release|Any CPU.Build.0 = Release|Any CPU
	EndGlobalSection
	GlobalSection(SolutionProperties) = preSolution
		HideSolutionNode = FALSE
	EndGlobalSection
	GlobalSection(NestedProjects) = preSolution
		{046DF058-A87F-47A3-A1FE-8D3582AD60DB} = {476BFF93-0BAE-4FC7-8E4F-B00EF8EBDC88}
		{FD073A82-2C69-4AE2-8F80-7934FDA50A99} = {476BFF93-0BAE-4FC7-8E4F-B00EF8EBDC88}
		{4928603B-3D4D-4A5F-9864-6164F5B8DAC8} = {E2D29EDF-1D0F-40EE-A804-DA175004C4D9}
		{93F03260-7B0B-498F-BCC3-E59170D883D2} = {476BFF93-0BAE-4FC7-8E4F-B00EF8EBDC88}
	EndGlobalSection
	GlobalSection(ExtensibilityGlobals) = postSolution
		SolutionGuid = {F7801F94-705B-4A0F-8F08-1257C23461D1}
	EndGlobalSection
EndGlobal
